// !$*UTF8*$!
{
	archiveVersion = 1;
	classes = {
	};
	objectVersion = 50;
	objects = {

/* Begin PBXBuildFile section */
		43B4CDD724DED7B400FE7857 /* AppDelegate.swift in Sources */ = {isa = PBXBuildFile; fileRef = 43B4CDD624DED7B400FE7857 /* AppDelegate.swift */; };
		43B4CDD924DED7B400FE7857 /* SceneDelegate.swift in Sources */ = {isa = PBXBuildFile; fileRef = 43B4CDD824DED7B400FE7857 /* SceneDelegate.swift */; };
		43B4CDDB24DED7B400FE7857 /* ContentView.swift in Sources */ = {isa = PBXBuildFile; fileRef = 43B4CDDA24DED7B400FE7857 /* ContentView.swift */; };
		43B4CDDD24DED7BC00FE7857 /* Assets.xcassets in Resources */ = {isa = PBXBuildFile; fileRef = 43B4CDDC24DED7BC00FE7857 /* Assets.xcassets */; };
		43B4CDE024DED7BC00FE7857 /* Preview Assets.xcassets in Resources */ = {isa = PBXBuildFile; fileRef = 43B4CDDF24DED7BC00FE7857 /* Preview Assets.xcassets */; };
		43B4CDE324DED7BC00FE7857 /* LaunchScreen.storyboard in Resources */ = {isa = PBXBuildFile; fileRef = 43B4CDE124DED7BC00FE7857 /* LaunchScreen.storyboard */; };
		43B4CDEE24DEDC2700FE7857 /* NetworkManager.swift in Sources */ = {isa = PBXBuildFile; fileRef = 43B4CDED24DEDC2700FE7857 /* NetworkManager.swift */; };
		43B4CDF024DEE2E700FE7857 /* PostData.swift in Sources */ = {isa = PBXBuildFile; fileRef = 43B4CDEF24DEE2E700FE7857 /* PostData.swift */; };
		43C988B224E01793001F874C /* DetailView.swift in Sources */ = {isa = PBXBuildFile; fileRef = 43C988B124E01793001F874C /* DetailView.swift */; };
		43C988B424E01DB5001F874C /* WebView.swift in Sources */ = {isa = PBXBuildFile; fileRef = 43C988B324E01DB5001F874C /* WebView.swift */; };
/* End PBXBuildFile section */

/* Begin PBXFileReference section */
		43B4CDD324DED7B400FE7857 /* Hacker News.app */ = {isa = PBXFileReference; explicitFileType = wrapper.application; includeInIndex = 0; path = "Hacker News.app"; sourceTree = BUILT_PRODUCTS_DIR; };
		43B4CDD624DED7B400FE7857 /* AppDelegate.swift */ = {isa = PBXFileReference; lastKnownFileType = sourcecode.swift; path = AppDelegate.swift; sourceTree = "<group>"; };
		43B4CDD824DED7B400FE7857 /* SceneDelegate.swift */ = {isa = PBXFileReference; lastKnownFileType = sourcecode.swift; path = SceneDelegate.swift; sourceTree = "<group>"; };
		43B4CDDA24DED7B400FE7857 /* ContentView.swift */ = {isa = PBXFileReference; lastKnownFileType = sourcecode.swift; path = ContentView.swift; sourceTree = "<group>"; };
		43B4CDDC24DED7BC00FE7857 /* Assets.xcassets */ = {isa = PBXFileReference; lastKnownFileType = folder.assetcatalog; path = Assets.xcassets; sourceTree = "<group>"; };
		43B4CDDF24DED7BC00FE7857 /* Preview Assets.xcassets */ = {isa = PBXFileReference; lastKnownFileType = folder.assetcatalog; path = "Preview Assets.xcassets"; sourceTree = "<group>"; };
		43B4CDE224DED7BC00FE7857 /* Base */ = {isa = PBXFileReference; lastKnownFileType = file.storyboard; name = Base; path = Base.lproj/LaunchScreen.storyboard; sourceTree = "<group>"; };
		43B4CDE424DED7BC00FE7857 /* Info.plist */ = {isa = PBXFileReference; lastKnownFileType = text.plist.xml; path = Info.plist; sourceTree = "<group>"; };
		43B4CDED24DEDC2700FE7857 /* NetworkManager.swift */ = {isa = PBXFileReference; lastKnownFileType = sourcecode.swift; path = NetworkManager.swift; sourceTree = "<group>"; };
		43B4CDEF24DEE2E700FE7857 /* PostData.swift */ = {isa = PBXFileReference; lastKnownFileType = sourcecode.swift; path = PostData.swift; sourceTree = "<group>"; };
		43C988B124E01793001F874C /* DetailView.swift */ = {isa = PBXFileReference; lastKnownFileType = sourcecode.swift; path = DetailView.swift; sourceTree = "<group>"; };
		43C988B324E01DB5001F874C /* WebView.swift */ = {isa = PBXFileReference; lastKnownFileType = sourcecode.swift; path = WebView.swift; sourceTree = "<group>"; };
/* End PBXFileReference section */

/* Begin PBXFrameworksBuildPhase section */
		43B4CDD024DED7B400FE7857 /* Frameworks */ = {
			isa = PBXFrameworksBuildPhase;
			buildActionMask = 2147483647;
			files = (
			);
			runOnlyForDeploymentPostprocessing = 0;
		};
/* End PBXFrameworksBuildPhase section */

/* Begin PBXGroup section */
		43B4CDCA24DED7B400FE7857 = {
			isa = PBXGroup;
			children = (
				43B4CDD524DED7B400FE7857 /* Hacker News */,
				43B4CDD424DED7B400FE7857 /* Products */,
			);
			sourceTree = "<group>";
		};
		43B4CDD424DED7B400FE7857 /* Products */ = {
			isa = PBXGroup;
			children = (
				43B4CDD324DED7B400FE7857 /* Hacker News.app */,
			);
			name = Products;
			sourceTree = "<group>";
		};
		43B4CDD524DED7B400FE7857 /* Hacker News */ = {
			isa = PBXGroup;
			children = (
				43B4CDD624DED7B400FE7857 /* AppDelegate.swift */,
				43B4CDD824DED7B400FE7857 /* SceneDelegate.swift */,
				43C988AF24E0175C001F874C /* Views */,
				43B4CDEC24DEDC0600FE7857 /* Models */,
				43B4CDDC24DED7BC00FE7857 /* Assets.xcassets */,
				43B4CDE124DED7BC00FE7857 /* LaunchScreen.storyboard */,
				43B4CDE424DED7BC00FE7857 /* Info.plist */,
				43B4CDDE24DED7BC00FE7857 /* Preview Content */,
			);
			path = "Hacker News";
			sourceTree = "<group>";
		};
		43B4CDDE24DED7BC00FE7857 /* Preview Content */ = {
			isa = PBXGroup;
			children = (
				43B4CDDF24DED7BC00FE7857 /* Preview Assets.xcassets */,
			);
			path = "Preview Content";
			sourceTree = "<group>";
		};
		43B4CDEC24DEDC0600FE7857 /* Models */ = {
			isa = PBXGroup;
			children = (
				43B4CDED24DEDC2700FE7857 /* NetworkManager.swift */,
				43B4CDEF24DEE2E700FE7857 /* PostData.swift */,
			);
			path = Models;
			sourceTree = "<group>";
		};
		43C988AF24E0175C001F874C /* Views */ = {
			isa = PBXGroup;
			children = (
				43B4CDDA24DED7B400FE7857 /* ContentView.swift */,
				43C988B124E01793001F874C /* DetailView.swift */,
				43C988B324E01DB5001F874C /* WebView.swift */,
			);
			path = Views;
			sourceTree = "<group>";
		};
/* End PBXGroup section */

/* Begin PBXNativeTarget section */
		43B4CDD224DED7B400FE7857 /* Hacker News */ = {
			isa = PBXNativeTarget;
			buildConfigurationList = 43B4CDE724DED7BC00FE7857 /* Build configuration list for PBXNativeTarget "Hacker News" */;
			buildPhases = (
				43B4CDCF24DED7B400FE7857 /* Sources */,
				43B4CDD024DED7B400FE7857 /* Frameworks */,
				43B4CDD124DED7B400FE7857 /* Resources */,
			);
			buildRules = (
			);
			dependencies = (
			);
			name = "Hacker News";
			productName = "Hacker News";
			productReference = 43B4CDD324DED7B400FE7857 /* Hacker News.app */;
			productType = "com.apple.product-type.application";
		};
/* End PBXNativeTarget section */

/* Begin PBXProject section */
		43B4CDCB24DED7B400FE7857 /* Project object */ = {
			isa = PBXProject;
			attributes = {
				LastSwiftUpdateCheck = 1150;
				LastUpgradeCheck = 1150;
				ORGANIZATIONNAME = Vardnan;
				TargetAttributes = {
					43B4CDD224DED7B400FE7857 = {
						CreatedOnToolsVersion = 11.5;
					};
				};
			};
			buildConfigurationList = 43B4CDCE24DED7B400FE7857 /* Build configuration list for PBXProject "Hacker News" */;
			compatibilityVersion = "Xcode 9.3";
			developmentRegion = en;
			hasScannedForEncodings = 0;
			knownRegions = (
				en,
				Base,
			);
			mainGroup = 43B4CDCA24DED7B400FE7857;
			productRefGroup = 43B4CDD424DED7B400FE7857 /* Products */;
			projectDirPath = "";
			projectRoot = "";
			targets = (
				43B4CDD224DED7B400FE7857 /* Hacker News */,
			);
		};
/* End PBXProject section */

/* Begin PBXResourcesBuildPhase section */
		43B4CDD124DED7B400FE7857 /* Resources */ = {
			isa = PBXResourcesBuildPhase;
			buildActionMask = 2147483647;
			files = (
				43B4CDE324DED7BC00FE7857 /* LaunchScreen.storyboard in Resources */,
				43B4CDE024DED7BC00FE7857 /* Preview Assets.xcassets in Resources */,
				43B4CDDD24DED7BC00FE7857 /* Assets.xcassets in Resources */,
			);
			runOnlyForDeploymentPostprocessing = 0;
		};
/* End PBXResourcesBuildPhase section */

/* Begin PBXSourcesBuildPhase section */
		43B4CDCF24DED7B400FE7857 /* Sources */ = {
			isa = PBXSourcesBuildPhase;
			buildActionMask = 2147483647;
			files = (
				43B4CDF024DEE2E700FE7857 /* PostData.swift in Sources */,
				43C988B224E01793001F874C /* DetailView.swift in Sources */,
				43B4CDEE24DEDC2700FE7857 /* NetworkManager.swift in Sources */,
				43B4CDD724DED7B400FE7857 /* AppDelegate.swift in Sources */,
				43B4CDD924DED7B400FE7857 /* SceneDelegate.swift in Sources */,
				43B4CDDB24DED7B400FE7857 /* ContentView.swift in Sources */,
				43C988B424E01DB5001F874C /* WebView.swift in Sources */,
			);
			runOnlyForDeploymentPostprocessing = 0;
		};
/* End PBXSourcesBuildPhase section */

/* Begin PBXVariantGroup section */
		43B4CDE124DED7BC00FE7857 /* LaunchScreen.storyboard */ = {
			isa = PBXVariantGroup;
			children = (
				43B4CDE224DED7BC00FE7857 /* Base */,
			);
			name = LaunchScreen.storyboard;
			sourceTree = "<group>";
		};
/* End PBXVariantGroup section */

/* Begin XCBuildConfiguration section */
		43B4CDE524DED7BC00FE7857 /* Debug */ = {
			isa = XCBuildConfiguration;
			buildSettings = {
				ALWAYS_SEARCH_USER_PATHS = NO;
				CLANG_ANALYZER_NONNULL = YES;
				CLANG_ANALYZER_NUMBER_OBJECT_CONVERSION = YES_AGGRESSIVE;
				CLANG_CXX_LANGUAGE_STANDARD = "gnu++14";
				CLANG_CXX_LIBRARY = "libc++";
				CLANG_ENABLE_MODULES = YES;
				CLANG_ENABLE_OBJC_ARC = YES;
				CLANG_ENABLE_OBJC_WEAK = YES;
				CLANG_WARN_BLOCK_CAPTURE_AUTORELEASING = YES;
				CLANG_WARN_BOOL_CONVERSION = YES;
				CLANG_WARN_COMMA = YES;
				CLANG_WARN_CONSTANT_CONVERSION = YES;
				CLANG_WARN_DEPRECATED_OBJC_IMPLEMENTATIONS = YES;
				CLANG_WARN_DIRECT_OBJC_ISA_USAGE = YES_ERROR;
				CLANG_WARN_DOCUMENTATION_COMMENTS = YES;
				CLANG_WARN_EMPTY_BODY = YES;
				CLANG_WARN_ENUM_CONVERSION = YES;
				CLANG_WARN_INFINITE_RECURSION = YES;
				CLANG_WARN_INT_CONVERSION = YES;
				CLANG_WARN_NON_LITERAL_NULL_CONVERSION = YES;
				CLANG_WARN_OBJC_IMPLICIT_RETAIN_SELF = YES;
				CLANG_WARN_OBJC_LITERAL_CONVERSION = YES;
				CLANG_WARN_OBJC_ROOT_CLASS = YES_ERROR;
				CLANG_WARN_RANGE_LOOP_ANALYSIS = YES;
				CLANG_WARN_STRICT_PROTOTYPES = YES;
				CLANG_WARN_SUSPICIOUS_MOVE = YES;
				CLANG_WARN_UNGUARDED_AVAILABILITY = YES_AGGRESSIVE;
				CLANG_WARN_UNREACHABLE_CODE = YES;
				CLANG_WARN__DUPLICATE_METHOD_MATCH = YES;
				COPY_PHASE_STRIP = NO;
				DEBUG_INFORMATION_FORMAT = dwarf;
				ENABLE_STRICT_OBJC_MSGSEND = YES;
				ENABLE_TESTABILITY = YES;
				GCC_C_LANGUAGE_STANDARD = gnu11;
				GCC_DYNAMIC_NO_PIC = NO;
				GCC_NO_COMMON_BLOCKS = YES;
				GCC_OPTIMIZATION_LEVEL = 0;
				GCC_PREPROCESSOR_DEFINITIONS = (
					"DEBUG=1",
					"$(inherited)",
				);
				GCC_WARN_64_TO_32_BIT_CONVERSION = YES;
				GCC_WARN_ABOUT_RETURN_TYPE = YES_ERROR;
				GCC_WARN_UNDECLARED_SELECTOR = YES;
				GCC_WARN_UNINITIALIZED_AUTOS = YES_AGGRESSIVE;
				GCC_WARN_UNUSED_FUNCTION = YES;
				GCC_WARN_UNUSED_VARIABLE = YES;
				IPHONEOS_DEPLOYMENT_TARGET = 13.5;
				MTL_ENABLE_DEBUG_INFO = INCLUDE_SOURCE;
				MTL_FAST_MATH = YES;
				ONLY_ACTIVE_ARCH = YES;
				SDKROOT = iphoneos;
				SWIFT_ACTIVE_COMPILATION_CONDITIONS = DEBUG;
				SWIFT_OPTIMIZATION_LEVEL = "-Onone";
			};
			name = Debug;
		};
		43B4CDE624DED7BC00FE7857 /* Release */ = {
			isa = XCBuildConfiguration;
			buildSettings = {
				ALWAYS_SEARCH_USER_PATHS = NO;
				CLANG_ANALYZER_NONNULL = YES;
				CLANG_ANALYZER_NUMBER_OBJECT_CONVERSION = YES_AGGRESSIVE;
				CLANG_CXX_LANGUAGE_STANDARD = "gnu++14";
				CLANG_CXX_LIBRARY = "libc++";
				CLANG_ENABLE_MODULES = YES;
				CLANG_ENABLE_OBJC_ARC = YES;
				CLANG_ENABLE_OBJC_WEAK = YES;
				CLANG_WARN_BLOCK_CAPTURE_AUTORELEASING = YES;
				CLANG_WARN_BOOL_CONVERSION = YES;
				CLANG_WARN_COMMA = YES;
				CLANG_WARN_CONSTANT_CONVERSION = YES;
				CLANG_WARN_DEPRECATED_OBJC_IMPLEMENTATIONS = YES;
				CLANG_WARN_DIRECT_OBJC_ISA_USAGE = YES_ERROR;
				CLANG_WARN_DOCUMENTATION_COMMENTS = YES;
				CLANG_WARN_EMPTY_BODY = YES;
				CLANG_WARN_ENUM_CONVERSION = YES;
				CLANG_WARN_INFINITE_RECURSION = YES;
				CLANG_WARN_INT_CONVERSION = YES;
				CLANG_WARN_NON_LITERAL_NULL_CONVERSION = YES;
				CLANG_WARN_OBJC_IMPLICIT_RETAIN_SELF = YES;
				CLANG_WARN_OBJC_LITERAL_CONVERSION = YES;
				CLANG_WARN_OBJC_ROOT_CLASS = YES_ERROR;
				CLANG_WARN_RANGE_LOOP_ANALYSIS = YES;
				CLANG_WARN_STRICT_PROTOTYPES = YES;
				CLANG_WARN_SUSPICIOUS_MOVE = YES;
				CLANG_WARN_UNGUARDED_AVAILABILITY = YES_AGGRESSIVE;
				CLANG_WARN_UNREACHABLE_CODE = YES;
				CLANG_WARN__DUPLICATE_METHOD_MATCH = YES;
				COPY_PHASE_STRIP = NO;
				DEBUG_INFORMATION_FORMAT = "dwarf-with-dsym";
				ENABLE_NS_ASSERTIONS = NO;
				ENABLE_STRICT_OBJC_MSGSEND = YES;
				GCC_C_LANGUAGE_STANDARD = gnu11;
				GCC_NO_COMMON_BLOCKS = YES;
				GCC_WARN_64_TO_32_BIT_CONVERSION = YES;
				GCC_WARN_ABOUT_RETURN_TYPE = YES_ERROR;
				GCC_WARN_UNDECLARED_SELECTOR = YES;
				GCC_WARN_UNINITIALIZED_AUTOS = YES_AGGRESSIVE;
				GCC_WARN_UNUSED_FUNCTION = YES;
				GCC_WARN_UNUSED_VARIABLE = YES;
				IPHONEOS_DEPLOYMENT_TARGET = 13.5;
				MTL_ENABLE_DEBUG_INFO = NO;
				MTL_FAST_MATH = YES;
				SDKROOT = iphoneos;
				SWIFT_COMPILATION_MODE = wholemodule;
				SWIFT_OPTIMIZATION_LEVEL = "-O";
				VALIDATE_PRODUCT = YES;
			};
			name = Release;
		};
		43B4CDE824DED7BC00FE7857 /* Debug */ = {
			isa = XCBuildConfiguration;
			buildSettings = {
				ASSETCATALOG_COMPILER_APPICON_NAME = AppIcon;
				CODE_SIGN_STYLE = Automatic;
				DEVELOPMENT_ASSET_PATHS = "\"Hacker News/Preview Content\"";
				DEVELOPMENT_TEAM = 6P36N2Y47J;
				ENABLE_PREVIEWS = YES;
				INFOPLIST_FILE = "Hacker News/Info.plist";
				LD_RUNPATH_SEARCH_PATHS = (
					"$(inherited)",
					"@executable_path/Frameworks",
				);
				PRODUCT_BUNDLE_IDENTIFIER = "com.vardnan.Hacker-News";
				PRODUCT_NAME = "$(TARGET_NAME)";
				SWIFT_VERSION = 5.0;
				TARGETED_DEVICE_FAMILY = "1,2";
			};
			name = Debug;
		};
		43B4CDE924DED7BC00FE7857 /* Release */ = {
			isa = XCBuildConfiguration;
			buildSettings = {
				ASSETCATALOG_COMPILER_APPICON_NAME = AppIcon;
				CODE_SIGN_STYLE = Automatic;
				DEVELOPMENT_ASSET_PATHS = "\"Hacker News/Preview Content\"";
				DEVELOPMENT_TEAM = 6P36N2Y47J;
				ENABLE_PREVIEWS = YES;
				INFOPLIST_FILE = "Hacker News/Info.plist";
				LD_RUNPATH_SEARCH_PATHS = (
					"$(inherited)",
					"@executable_path/Frameworks",
				);
				PRODUCT_BUNDLE_IDENTIFIER = "com.vardnan.Hacker-News";
				PRODUCT_NAME = "$(TARGET_NAME)";
				SWIFT_VERSION = 5.0;
				TARGETED_DEVICE_FAMILY = "1,2";
			};
			name = Release;
		};
/* End XCBuildConfiguration section */

/* Begin XCConfigurationList section */
		43B4CDCE24DED7B400FE7857 /* Build configuration list for PBXProject "Hacker News" */ = {
			isa = XCConfigurationList;
			buildConfigurations = (
				43B4CDE524DED7BC00FE7857 /* Debug */,
				43B4CDE624DED7BC00FE7857 /* Release */,
			);
			defaultConfigurationIsVisible = 0;
			defaultConfigurationName = Release;
		};
		43B4CDE724DED7BC00FE7857 /* Build configuration list for PBXNativeTarget "Hacker News" */ = {
			isa = XCConfigurationList;
			buildConfigurations = (
				43B4CDE824DED7BC00FE7857 /* Debug */,
				43B4CDE924DED7BC00FE7857 /* Release */,
			);
			defaultConfigurationIsVisible = 0;
			defaultConfigurationName = Release;
		};
/* End XCConfigurationList section */
	};
	rootObject = 43B4CDCB24DED7B400FE7857 /* Project object */;
}
